
Microsoft Visual Studio Solution File, Format Version 12.00
# Visual Studio Version 17
VisualStudioVersion = 17.10.35122.118
MinimumVisualStudioVersion = 10.0.40219.1
Project("{FAE04EC0-301F-11D3-BF4B-00C04F79EFBC}") = "PRO#1DATOS", "PRO#1DATOS\PRO#1DATOS.csproj", "{DA3D7720-3FFE-45B6-BE88-A64A57F737E3}"
EndProject
Global
	GlobalSection(SolutionConfigurationPlatforms) = preSolution
		Debug|Any CPU = Debug|Any CPU
		Release|Any CPU = Release|Any CPU
	EndGlobalSection
	GlobalSection(ProjectConfigurationPlatforms) = postSolution
		{DA3D7720-3FFE-45B6-BE88-A64A57F737E3}.Debug|Any CPU.ActiveCfg = Debug|Any CPU
		{DA3D7720-3FFE-45B6-BE88-A64A57F737E3}.Debug|Any CPU.Build.0 = Debug|Any CPU
		{DA3D7720-3FFE-45B6-BE88-A64A57F737E3}.Release|Any CPU.ActiveCfg = Release|Any CPU
		{DA3D7720-3FFE-45B6-BE88-A64A57F737E3}.Release|Any CPU.Build.0 = Release|Any CPU
	EndGlobalSection
	GlobalSection(SolutionProperties) = preSolution
		HideSolutionNode = FALSE
	EndGlobalSection
	GlobalSection(ExtensibilityGlobals) = postSolution
		SolutionGuid = {C4C70850-0C12-4B5D-9204-AE9F8C1A6727}
	EndGlobalSection
EndGlobal
